
Microsoft Visual Studio Solution File, Format Version 12.00
# Visual Studio Version 16
VisualStudioVersion = 16.0.31229.75
MinimumVisualStudioVersion = 10.0.40219.1
Project("{FAE04EC0-301F-11D3-BF4B-00C04F79EFBC}") = "ConsoleDataFirst", "ConsoleDataFirst.csproj", "{BAEE0D50-7D2A-480A-8F5B-FBE688D27765}"
EndProject
Global
	GlobalSection(SolutionConfigurationPlatforms) = preSolution
		Debug|Any CPU = Debug|Any CPU
		Release|Any CPU = Release|Any CPU
	EndGlobalSection
	GlobalSection(ProjectConfigurationPlatforms) = postSolution
		{BAEE0D50-7D2A-480A-8F5B-FBE688D27765}.Debug|Any CPU.ActiveCfg = Debug|Any CPU
		{BAEE0D50-7D2A-480A-8F5B-FBE688D27765}.Debug|Any CPU.Build.0 = Debug|Any CPU
		{BAEE0D50-7D2A-480A-8F5B-FBE688D27765}.Release|Any CPU.ActiveCfg = Release|Any CPU
		{BAEE0D50-7D2A-480A-8F5B-FBE688D27765}.Release|Any CPU.Build.0 = Release|Any CPU
	EndGlobalSection
	GlobalSection(SolutionProperties) = preSolution
		HideSolutionNode = FALSE
	EndGlobalSection
	GlobalSection(ExtensibilityGlobals) = postSolution
		SolutionGuid = {EF549C6E-B315-478A-B488-DC1ECB36D7D9}
	EndGlobalSection
EndGlobal
